
Microsoft Visual Studio Solution File, Format Version 12.00
# Visual Studio Version 16
VisualStudioVersion = 16.0.29020.237
MinimumVisualStudioVersion = 10.0.40219.1
Project("{9A19103F-16F7-4668-BE54-9A1E7A4F7556}") = "Collections", "Collections\Collections.csproj", "{026115DB-B6EB-4AA9-9B75-3EDB5F0DA60C}"
EndProject
Project("{9A19103F-16F7-4668-BE54-9A1E7A4F7556}") = "Nulls", "Nulls\Nulls.csproj", "{55FC0F35-C2E6-4516-BFC2-2FE6E72C76A7}"
EndProject
Project("{9A19103F-16F7-4668-BE54-9A1E7A4F7556}") = "ACM.BL", "ACM.BL\ACM.BL.csproj", "{4E3E935A-B68B-4FF1-8D5F-7557BD8F80D6}"
EndProject
Project("{2150E333-8FDC-42A3-9474-1A3956D46DE8}") = "Tests", "Tests", "{A21738A6-5076-4A31-8230-E75F4DAD1E0A}"
EndProject
Project("{9A19103F-16F7-4668-BE54-9A1E7A4F7556}") = "ACM.BLTest", "ACM.BLTest\ACM.BLTest.csproj", "{F3707058-FD18-474F-920C-B0303060D563}"
EndProject
Project("{2150E333-8FDC-42A3-9474-1A3956D46DE8}") = "Data", "Data", "{09F3FBA4-A7E7-477C-AA35-F1DF424C4B8A}"
	ProjectSection(SolutionItems) = preProject
		C:\Users\Oleg Novoselskyy\Downloads\02\demos\StockAnalyzer\StockData.csv = C:\Users\Oleg Novoselskyy\Downloads\02\demos\StockAnalyzer\StockData.csv
	EndProjectSection
EndProject
Project("{9A19103F-16F7-4668-BE54-9A1E7A4F7556}") = "DatesAndTimes", "DatesAndTimes\DatesAndTimes.csproj", "{1999B358-3EF6-4D47-B7F0-79E398A0523C}"
EndProject
Project("{9A19103F-16F7-4668-BE54-9A1E7A4F7556}") = "LINQIntro", "LINQIntro\LINQIntro.csproj", "{B1F873BB-EAC6-4F6A-B1D5-8562CB5DE5F4}"
EndProject
Project("{9A19103F-16F7-4668-BE54-9A1E7A4F7556}") = "LINQFeatures", "LINQFeatures\LINQFeatures.csproj", "{CC2E43D4-399D-42EF-8FEE-18FC07AE5E8B}"
EndProject
Project("{9A19103F-16F7-4668-BE54-9A1E7A4F7556}") = "Queries", "Queries\Queries.csproj", "{31348A84-021F-468B-A7A6-EC255FD9396F}"
EndProject
Project("{FAE04EC0-301F-11D3-BF4B-00C04F79EFBC}") = "Defense", "Defense\Defense.csproj", "{BEA1E8A6-93FF-479F-B496-52EB7249468B}"
EndProject
Project("{FAE04EC0-301F-11D3-BF4B-00C04F79EFBC}") = "Defense.BL", "Defense.BL\Defense.BL.csproj", "{20F251DD-BC85-4DB0-A01F-2E91A2EBE251}"
EndProject
Project("{FAE04EC0-301F-11D3-BF4B-00C04F79EFBC}") = "DefenseCommon", "DefenseCommon\DefenseCommon.csproj", "{172DF290-D762-4EF8-B5D8-B1DCB9A7492D}"
EndProject
Project("{FAE04EC0-301F-11D3-BF4B-00C04F79EFBC}") = "Defense.BLTest", "Defense.BLTest\Defense.BLTest.csproj", "{FA6D1523-11CF-493A-A073-6AD47B7924EF}"
EndProject
Project("{9A19103F-16F7-4668-BE54-9A1E7A4F7556}") = "ExtensionMethods.Tests", "ExtensionMethods.Tests\ExtensionMethods.Tests.csproj", "{66CD5A40-9181-4533-AAC6-ED1EF813D59A}"
EndProject
Project("{2150E333-8FDC-42A3-9474-1A3956D46DE8}") = "Libraries", "Libraries", "{13DF1DC3-0277-4110-8943-0AAF4145CA0F}"
EndProject
Project("{9A19103F-16F7-4668-BE54-9A1E7A4F7556}") = "ExtensionMethods", "ExtensionMethods\ExtensionMethods.csproj", "{CFD4E43D-9665-433E-A4FF-3B031B9D9976}"
EndProject
Project("{FAE04EC0-301F-11D3-BF4B-00C04F79EFBC}") = "OdeToFood.Web", "OdeToFood.Web\OdeToFood.Web.csproj", "{78C35130-4A8B-45B0-9CF1-9B94B05AF577}"
EndProject
Global
	GlobalSection(SolutionConfigurationPlatforms) = preSolution
		Debug|Any CPU = Debug|Any CPU
		Release|Any CPU = Release|Any CPU
	EndGlobalSection
	GlobalSection(ProjectConfigurationPlatforms) = postSolution
		{026115DB-B6EB-4AA9-9B75-3EDB5F0DA60C}.Debug|Any CPU.ActiveCfg = Debug|Any CPU
		{026115DB-B6EB-4AA9-9B75-3EDB5F0DA60C}.Debug|Any CPU.Build.0 = Debug|Any CPU
		{026115DB-B6EB-4AA9-9B75-3EDB5F0DA60C}.Release|Any CPU.ActiveCfg = Release|Any CPU
		{026115DB-B6EB-4AA9-9B75-3EDB5F0DA60C}.Release|Any CPU.Build.0 = Release|Any CPU
		{55FC0F35-C2E6-4516-BFC2-2FE6E72C76A7}.Debug|Any CPU.ActiveCfg = Debug|Any CPU
		{55FC0F35-C2E6-4516-BFC2-2FE6E72C76A7}.Debug|Any CPU.Build.0 = Debug|Any CPU
		{55FC0F35-C2E6-4516-BFC2-2FE6E72C76A7}.Release|Any CPU.ActiveCfg = Release|Any CPU
		{55FC0F35-C2E6-4516-BFC2-2FE6E72C76A7}.Release|Any CPU.Build.0 = Release|Any CPU
		{4E3E935A-B68B-4FF1-8D5F-7557BD8F80D6}.Debug|Any CPU.ActiveCfg = Debug|Any CPU
		{4E3E935A-B68B-4FF1-8D5F-7557BD8F80D6}.Debug|Any CPU.Build.0 = Debug|Any CPU
		{4E3E935A-B68B-4FF1-8D5F-7557BD8F80D6}.Release|Any CPU.ActiveCfg = Release|Any CPU
		{4E3E935A-B68B-4FF1-8D5F-7557BD8F80D6}.Release|Any CPU.Build.0 = Release|Any CPU
		{F3707058-FD18-474F-920C-B0303060D563}.Debug|Any CPU.ActiveCfg = Debug|Any CPU
		{F3707058-FD18-474F-920C-B0303060D563}.Debug|Any CPU.Build.0 = Debug|Any CPU
		{F3707058-FD18-474F-920C-B0303060D563}.Release|Any CPU.ActiveCfg = Release|Any CPU
		{F3707058-FD18-474F-920C-B0303060D563}.Release|Any CPU.Build.0 = Release|Any CPU
		{1999B358-3EF6-4D47-B7F0-79E398A0523C}.Debug|Any CPU.ActiveCfg = Debug|Any CPU
		{1999B358-3EF6-4D47-B7F0-79E398A0523C}.Debug|Any CPU.Build.0 = Debug|Any CPU
		{1999B358-3EF6-4D47-B7F0-79E398A0523C}.Release|Any CPU.ActiveCfg = Release|Any CPU
		{1999B358-3EF6-4D47-B7F0-79E398A0523C}.Release|Any CPU.Build.0 = Release|Any CPU
		{B1F873BB-EAC6-4F6A-B1D5-8562CB5DE5F4}.Debug|Any CPU.ActiveCfg = Debug|Any CPU
		{B1F873BB-EAC6-4F6A-B1D5-8562CB5DE5F4}.Debug|Any CPU.Build.0 = Debug|Any CPU
		{B1F873BB-EAC6-4F6A-B1D5-8562CB5DE5F4}.Release|Any CPU.ActiveCfg = Release|Any CPU
		{B1F873BB-EAC6-4F6A-B1D5-8562CB5DE5F4}.Release|Any CPU.Build.0 = Release|Any CPU
		{CC2E43D4-399D-42EF-8FEE-18FC07AE5E8B}.Debug|Any CPU.ActiveCfg = Debug|Any CPU
		{CC2E43D4-399D-42EF-8FEE-18FC07AE5E8B}.Debug|Any CPU.Build.0 = Debug|Any CPU
		{CC2E43D4-399D-42EF-8FEE-18FC07AE5E8B}.Release|Any CPU.ActiveCfg = Release|Any CPU
		{CC2E43D4-399D-42EF-8FEE-18FC07AE5E8B}.Release|Any CPU.Build.0 = Release|Any CPU
		{31348A84-021F-468B-A7A6-EC255FD9396F}.Debug|Any CPU.ActiveCfg = Debug|Any CPU
		{31348A84-021F-468B-A7A6-EC255FD9396F}.Debug|Any CPU.Build.0 = Debug|Any CPU
		{31348A84-021F-468B-A7A6-EC255FD9396F}.Release|Any CPU.ActiveCfg = Release|Any CPU
		{31348A84-021F-468B-A7A6-EC255FD9396F}.Release|Any CPU.Build.0 = Release|Any CPU
		{BEA1E8A6-93FF-479F-B496-52EB7249468B}.Debug|Any CPU.ActiveCfg = Debug|Any CPU
		{BEA1E8A6-93FF-479F-B496-52EB7249468B}.Debug|Any CPU.Build.0 = Debug|Any CPU
		{BEA1E8A6-93FF-479F-B496-52EB7249468B}.Release|Any CPU.ActiveCfg = Release|Any CPU
		{BEA1E8A6-93FF-479F-B496-52EB7249468B}.Release|Any CPU.Build.0 = Release|Any CPU
		{20F251DD-BC85-4DB0-A01F-2E91A2EBE251}.Debug|Any CPU.ActiveCfg = Debug|Any CPU
		{20F251DD-BC85-4DB0-A01F-2E91A2EBE251}.Debug|Any CPU.Build.0 = Debug|Any CPU
		{20F251DD-BC85-4DB0-A01F-2E91A2EBE251}.Release|Any CPU.ActiveCfg = Release|Any CPU
		{20F251DD-BC85-4DB0-A01F-2E91A2EBE251}.Release|Any CPU.Build.0 = Release|Any CPU
		{172DF290-D762-4EF8-B5D8-B1DCB9A7492D}.Debug|Any CPU.ActiveCfg = Debug|Any CPU
		{172DF290-D762-4EF8-B5D8-B1DCB9A7492D}.Debug|Any CPU.Build.0 = Debug|Any CPU
		{172DF290-D762-4EF8-B5D8-B1DCB9A7492D}.Release|Any CPU.ActiveCfg = Release|Any CPU
		{172DF290-D762-4EF8-B5D8-B1DCB9A7492D}.Release|Any CPU.Build.0 = Release|Any CPU
		{FA6D1523-11CF-493A-A073-6AD47B7924EF}.Debug|Any CPU.ActiveCfg = Debug|Any CPU
		{FA6D1523-11CF-493A-A073-6AD47B7924EF}.Debug|Any CPU.Build.0 = Debug|Any CPU
		{FA6D1523-11CF-493A-A073-6AD47B7924EF}.Release|Any CPU.ActiveCfg = Release|Any CPU
		{FA6D1523-11CF-493A-A073-6AD47B7924EF}.Release|Any CPU.Build.0 = Release|Any CPU
		{66CD5A40-9181-4533-AAC6-ED1EF813D59A}.Debug|Any CPU.ActiveCfg = Debug|Any CPU
		{66CD5A40-9181-4533-AAC6-ED1EF813D59A}.Debug|Any CPU.Build.0 = Debug|Any CPU
		{66CD5A40-9181-4533-AAC6-ED1EF813D59A}.Release|Any CPU.ActiveCfg = Release|Any CPU
		{66CD5A40-9181-4533-AAC6-ED1EF813D59A}.Release|Any CPU.Build.0 = Release|Any CPU
		{CFD4E43D-9665-433E-A4FF-3B031B9D9976}.Debug|Any CPU.ActiveCfg = Debug|Any CPU
		{CFD4E43D-9665-433E-A4FF-3B031B9D9976}.Debug|Any CPU.Build.0 = Debug|Any CPU
		{CFD4E43D-9665-433E-A4FF-3B031B9D9976}.Release|Any CPU.ActiveCfg = Release|Any CPU
		{CFD4E43D-9665-433E-A4FF-3B031B9D9976}.Release|Any CPU.Build.0 = Release|Any CPU
		{78C35130-4A8B-45B0-9CF1-9B94B05AF577}.Debug|Any CPU.ActiveCfg = Debug|Any CPU
		{78C35130-4A8B-45B0-9CF1-9B94B05AF577}.Debug|Any CPU.Build.0 = Debug|Any CPU
		{78C35130-4A8B-45B0-9CF1-9B94B05AF577}.Release|Any CPU.ActiveCfg = Release|Any CPU
		{78C35130-4A8B-45B0-9CF1-9B94B05AF577}.Release|Any CPU.Build.0 = Release|Any CPU
	EndGlobalSection
	GlobalSection(SolutionProperties) = preSolution
		HideSolutionNode = FALSE
	EndGlobalSection
	GlobalSection(NestedProjects) = preSolution
		{F3707058-FD18-474F-920C-B0303060D563} = {A21738A6-5076-4A31-8230-E75F4DAD1E0A}
		{FA6D1523-11CF-493A-A073-6AD47B7924EF} = {A21738A6-5076-4A31-8230-E75F4DAD1E0A}
		{66CD5A40-9181-4533-AAC6-ED1EF813D59A} = {A21738A6-5076-4A31-8230-E75F4DAD1E0A}
		{CFD4E43D-9665-433E-A4FF-3B031B9D9976} = {13DF1DC3-0277-4110-8943-0AAF4145CA0F}
	EndGlobalSection
	GlobalSection(ExtensibilityGlobals) = postSolution
		SolutionGuid = {E9E18B7B-AF08-43D9-BCC3-6973C837633B}
	EndGlobalSection
EndGlobal
