
Microsoft Visual Studio Solution File, Format Version 12.00
# Visual Studio Version 16
VisualStudioVersion = 16.0.29001.49
MinimumVisualStudioVersion = 10.0.40219.1
Project("{9A19103F-16F7-4668-BE54-9A1E7A4F7556}") = "Collections", "Collections\Collections.csproj", "{AB9C5DE9-DBE2-4E78-BFE3-BD41F8B20E1F}"
EndProject
Project("{9A19103F-16F7-4668-BE54-9A1E7A4F7556}") = "WorkingWithNullsCSharp", "WorkingWithNullsCSharp\WorkingWithNullsCSharp.csproj", "{07CB6A19-D160-406A-AA86-F829A906540C}"
EndProject
Project("{FAE04EC0-301F-11D3-BF4B-00C04F79EFBC}") = "OOPFundamentals.BL", "OOPFundamentals.BL\OOPFundamentals.BL.csproj", "{1232B382-CC71-47B8-91C2-146482AD75A8}"
EndProject
Project("{2150E333-8FDC-42A3-9474-1A3956D46DE8}") = "OOPFundamentalsTests", "OOPFundamentalsTests", "{2B377A2A-3647-40E9-9A41-9B2E02F9B55F}"
EndProject
Project("{FAE04EC0-301F-11D3-BF4B-00C04F79EFBC}") = "OOPFundamentals.BLTest", "OOPFundamentalsTest\OOPFundamentals.BLTest\OOPFundamentals.BLTest.csproj", "{E0FE276B-908E-4D88-84F9-44BFF8C34534}"
EndProject
Project("{FAE04EC0-301F-11D3-BF4B-00C04F79EFBC}") = "OOPFundamentals.Common", "OOPFundamentals.Common\OOPFundamentals.Common.csproj", "{B51E4CE7-3D5F-4B9D-9B7E-97A7004099D5}"
EndProject
Project("{FAE04EC0-301F-11D3-BF4B-00C04F79EFBC}") = "OOPFundamentals.CommonTest", "OOPFundamentals.CommonTest\OOPFundamentals.CommonTest.csproj", "{27EB2D36-99B7-4D30-BB94-7CAD5CE63413}"
EndProject
Project("{2150E333-8FDC-42A3-9474-1A3956D46DE8}") = "OOPFundamentals", "OOPFundamentals", "{7FF567BA-8585-48CD-9734-44BEBE32E990}"
EndProject
Project("{2150E333-8FDC-42A3-9474-1A3956D46DE8}") = "CSharpCollections", "CSharpCollections", "{D26F6115-40A9-4D18-8430-835375D254A2}"
EndProject
Project("{2150E333-8FDC-42A3-9474-1A3956D46DE8}") = "CSharpWorkingWithNulls", "CSharpWorkingWithNulls", "{D4E2248F-4354-4D43-85FC-A68067DE2E90}"
EndProject
Project("{2150E333-8FDC-42A3-9474-1A3956D46DE8}") = "DatesAndTimesFundamentals", "DatesAndTimesFundamentals", "{BBAA1B70-03AC-4CF2-9BD5-298391E07282}"
EndProject
Project("{9A19103F-16F7-4668-BE54-9A1E7A4F7556}") = "DatesAndTimes", "DatesAndTimes\DatesAndTimes.csproj", "{DA8C1940-D841-4335-B210-5099DF1BAAFF}"
EndProject
Project("{2150E333-8FDC-42A3-9474-1A3956D46DE8}") = "CSharpInterfaces", "CSharpInterfaces", "{E8FF08AC-BB9F-43C5-B4A4-943F7029C976}"
EndProject
Project("{9A19103F-16F7-4668-BE54-9A1E7A4F7556}") = "Polygons", "Polygons\Polygons.csproj", "{290BC18A-A88A-42B2-8AF2-723107DF2270}"
EndProject
Project("{FAE04EC0-301F-11D3-BF4B-00C04F79EFBC}") = "Polygons.Library", "Polygons.Library\Polygons.Library.csproj", "{256B7A71-CF26-4713-922A-7CF206F2C1D9}"
EndProject
Project("{9A19103F-16F7-4668-BE54-9A1E7A4F7556}") = "People.Library", "People.Library\People.Library.csproj", "{6EA6EA14-F447-48B0-8B84-DB0396E75B09}"
EndProject
Project("{FAE04EC0-301F-11D3-BF4B-00C04F79EFBC}") = "PeopleViewer", "PeopleViewer\PeopleViewer.csproj", "{B24E5E48-4416-482F-8577-7643DD25528B}"
EndProject
Project("{9A19103F-16F7-4668-BE54-9A1E7A4F7556}") = "Common", "Common\Common.csproj", "{A8CF7F8C-E801-4DE5-BBA5-97C94C895B01}"
EndProject
Project("{2150E333-8FDC-42A3-9474-1A3956D46DE8}") = "CSharpLINQFundamentals", "CSharpLINQFundamentals", "{922FDD85-865F-4967-976C-60C4C628B0BA}"
EndProject
Project("{FAE04EC0-301F-11D3-BF4B-00C04F79EFBC}") = "Introduction", "Introduction\Introduction.csproj", "{427653C9-7443-4733-8A4A-DE90279FC115}"
EndProject
Project("{9A19103F-16F7-4668-BE54-9A1E7A4F7556}") = "Features", "Features\Features.csproj", "{1A0600D5-42FB-4364-8E34-3DC960C5BAB1}"
EndProject
Project("{9A19103F-16F7-4668-BE54-9A1E7A4F7556}") = "Queries", "Queries\Queries.csproj", "{9A38D0A1-BC71-4126-856D-5CBC85821EF2}"
EndProject
Project("{9A19103F-16F7-4668-BE54-9A1E7A4F7556}") = "Cars", "Cars\Cars.csproj", "{A678DC70-E05E-4958-BFED-2D57994F5CCC}"
EndProject
Project("{2150E333-8FDC-42A3-9474-1A3956D46DE8}") = "DefensiveCodingInCSharp", "DefensiveCodingInCSharp", "{6278770F-B0CC-43B4-8C96-28202B990500}"
EndProject
Project("{FAE04EC0-301F-11D3-BF4B-00C04F79EFBC}") = "ACM.Win", "ACM.Win\ACM.Win.csproj", "{67A2EB7E-1E61-434B-9681-CE1E34B0615D}"
EndProject
Project("{FAE04EC0-301F-11D3-BF4B-00C04F79EFBC}") = "ACM.BL", "ACM.BL\ACM.BL.csproj", "{B0D02C40-B07F-4D6D-A232-745D31512C8D}"
EndProject
Project("{FAE04EC0-301F-11D3-BF4B-00C04F79EFBC}") = "ACM.Library", "ACM.Library\ACM.Library.csproj", "{67012145-F754-40DD-9E29-B4654E8AC7E0}"
EndProject
Project("{2150E333-8FDC-42A3-9474-1A3956D46DE8}") = "Test Projects", "Test Projects", "{9549CC33-710F-4BA5-B70A-94FC8AA72144}"
EndProject
Project("{9A19103F-16F7-4668-BE54-9A1E7A4F7556}") = "ACM.BLTests", "ACM.BLTests\ACM.BLTests.csproj", "{EBF95B7D-5E3D-4DF6-A1A2-879EC4EE049F}"
EndProject
Project("{2150E333-8FDC-42A3-9474-1A3956D46DE8}") = "Unit Tests", "Unit Tests", "{E4E533D1-7F8E-4FAC-B04F-33CA8908A0E5}"
EndProject
Project("{2150E333-8FDC-42A3-9474-1A3956D46DE8}") = "CSharpErrorHandlingWithExceptions", "CSharpErrorHandlingWithExceptions", "{30745F97-EDBE-4245-8543-BC83633B2CCF}"
EndProject
Project("{2150E333-8FDC-42A3-9474-1A3956D46DE8}") = "ConsoleCalculator", "ConsoleCalculator", "{981E081F-F939-4F79-9FF6-7DBF7D845395}"
EndProject
Project("{FAE04EC0-301F-11D3-BF4B-00C04F79EFBC}") = "Catch", "ConsoleCalculator\Catch.csproj", "{18BF8BD9-F4FC-4E95-977B-CB6638724D70}"
EndProject
Project("{FAE04EC0-301F-11D3-BF4B-00C04F79EFBC}") = "Throw", "ConsoleCalculator2\Throw.csproj", "{F9FB4715-F30A-40F5-9CD1-0C57236B1B16}"
EndProject
Project("{FAE04EC0-301F-11D3-BF4B-00C04F79EFBC}") = "Finally", "Finally\Finally.csproj", "{4DEAE1A4-D1E2-4DC6-8AD5-973E3561FA47}"
EndProject
Project("{FAE04EC0-301F-11D3-BF4B-00C04F79EFBC}") = "Rethrow", "Rethrow\Rethrow.csproj", "{21123433-C6E6-46D9-B0E8-FB832FEF432E}"
EndProject
Project("{FAE04EC0-301F-11D3-BF4B-00C04F79EFBC}") = "Wrapping", "Wrapping\Wrapping.csproj", "{56249027-A1BB-4F52-98B2-617ED9358B63}"
EndProject
Project("{FAE04EC0-301F-11D3-BF4B-00C04F79EFBC}") = "Filtering", "Filtering\Filtering.csproj", "{941EC514-2695-4970-9DAF-5AF9B49B3CF6}"
EndProject
Global
	GlobalSection(SolutionConfigurationPlatforms) = preSolution
		Debug|Any CPU = Debug|Any CPU
		Release|Any CPU = Release|Any CPU
	EndGlobalSection
	GlobalSection(ProjectConfigurationPlatforms) = postSolution
		{AB9C5DE9-DBE2-4E78-BFE3-BD41F8B20E1F}.Debug|Any CPU.ActiveCfg = Debug|Any CPU
		{AB9C5DE9-DBE2-4E78-BFE3-BD41F8B20E1F}.Debug|Any CPU.Build.0 = Debug|Any CPU
		{AB9C5DE9-DBE2-4E78-BFE3-BD41F8B20E1F}.Release|Any CPU.ActiveCfg = Release|Any CPU
		{AB9C5DE9-DBE2-4E78-BFE3-BD41F8B20E1F}.Release|Any CPU.Build.0 = Release|Any CPU
		{07CB6A19-D160-406A-AA86-F829A906540C}.Debug|Any CPU.ActiveCfg = Debug|Any CPU
		{07CB6A19-D160-406A-AA86-F829A906540C}.Debug|Any CPU.Build.0 = Debug|Any CPU
		{07CB6A19-D160-406A-AA86-F829A906540C}.Release|Any CPU.ActiveCfg = Release|Any CPU
		{07CB6A19-D160-406A-AA86-F829A906540C}.Release|Any CPU.Build.0 = Release|Any CPU
		{1232B382-CC71-47B8-91C2-146482AD75A8}.Debug|Any CPU.ActiveCfg = Debug|Any CPU
		{1232B382-CC71-47B8-91C2-146482AD75A8}.Debug|Any CPU.Build.0 = Debug|Any CPU
		{1232B382-CC71-47B8-91C2-146482AD75A8}.Release|Any CPU.ActiveCfg = Release|Any CPU
		{1232B382-CC71-47B8-91C2-146482AD75A8}.Release|Any CPU.Build.0 = Release|Any CPU
		{E0FE276B-908E-4D88-84F9-44BFF8C34534}.Debug|Any CPU.ActiveCfg = Debug|Any CPU
		{E0FE276B-908E-4D88-84F9-44BFF8C34534}.Debug|Any CPU.Build.0 = Debug|Any CPU
		{E0FE276B-908E-4D88-84F9-44BFF8C34534}.Release|Any CPU.ActiveCfg = Release|Any CPU
		{E0FE276B-908E-4D88-84F9-44BFF8C34534}.Release|Any CPU.Build.0 = Release|Any CPU
		{B51E4CE7-3D5F-4B9D-9B7E-97A7004099D5}.Debug|Any CPU.ActiveCfg = Debug|Any CPU
		{B51E4CE7-3D5F-4B9D-9B7E-97A7004099D5}.Debug|Any CPU.Build.0 = Debug|Any CPU
		{B51E4CE7-3D5F-4B9D-9B7E-97A7004099D5}.Release|Any CPU.ActiveCfg = Release|Any CPU
		{B51E4CE7-3D5F-4B9D-9B7E-97A7004099D5}.Release|Any CPU.Build.0 = Release|Any CPU
		{27EB2D36-99B7-4D30-BB94-7CAD5CE63413}.Debug|Any CPU.ActiveCfg = Debug|Any CPU
		{27EB2D36-99B7-4D30-BB94-7CAD5CE63413}.Debug|Any CPU.Build.0 = Debug|Any CPU
		{27EB2D36-99B7-4D30-BB94-7CAD5CE63413}.Release|Any CPU.ActiveCfg = Release|Any CPU
		{27EB2D36-99B7-4D30-BB94-7CAD5CE63413}.Release|Any CPU.Build.0 = Release|Any CPU
		{DA8C1940-D841-4335-B210-5099DF1BAAFF}.Debug|Any CPU.ActiveCfg = Debug|Any CPU
		{DA8C1940-D841-4335-B210-5099DF1BAAFF}.Debug|Any CPU.Build.0 = Debug|Any CPU
		{DA8C1940-D841-4335-B210-5099DF1BAAFF}.Release|Any CPU.ActiveCfg = Release|Any CPU
		{DA8C1940-D841-4335-B210-5099DF1BAAFF}.Release|Any CPU.Build.0 = Release|Any CPU
		{290BC18A-A88A-42B2-8AF2-723107DF2270}.Debug|Any CPU.ActiveCfg = Debug|Any CPU
		{290BC18A-A88A-42B2-8AF2-723107DF2270}.Debug|Any CPU.Build.0 = Debug|Any CPU
		{290BC18A-A88A-42B2-8AF2-723107DF2270}.Release|Any CPU.ActiveCfg = Release|Any CPU
		{290BC18A-A88A-42B2-8AF2-723107DF2270}.Release|Any CPU.Build.0 = Release|Any CPU
		{256B7A71-CF26-4713-922A-7CF206F2C1D9}.Debug|Any CPU.ActiveCfg = Debug|Any CPU
		{256B7A71-CF26-4713-922A-7CF206F2C1D9}.Debug|Any CPU.Build.0 = Debug|Any CPU
		{256B7A71-CF26-4713-922A-7CF206F2C1D9}.Release|Any CPU.ActiveCfg = Release|Any CPU
		{256B7A71-CF26-4713-922A-7CF206F2C1D9}.Release|Any CPU.Build.0 = Release|Any CPU
		{6EA6EA14-F447-48B0-8B84-DB0396E75B09}.Debug|Any CPU.ActiveCfg = Debug|Any CPU
		{6EA6EA14-F447-48B0-8B84-DB0396E75B09}.Debug|Any CPU.Build.0 = Debug|Any CPU
		{6EA6EA14-F447-48B0-8B84-DB0396E75B09}.Release|Any CPU.ActiveCfg = Release|Any CPU
		{6EA6EA14-F447-48B0-8B84-DB0396E75B09}.Release|Any CPU.Build.0 = Release|Any CPU
		{B24E5E48-4416-482F-8577-7643DD25528B}.Debug|Any CPU.ActiveCfg = Debug|Any CPU
		{B24E5E48-4416-482F-8577-7643DD25528B}.Debug|Any CPU.Build.0 = Debug|Any CPU
		{B24E5E48-4416-482F-8577-7643DD25528B}.Release|Any CPU.ActiveCfg = Release|Any CPU
		{B24E5E48-4416-482F-8577-7643DD25528B}.Release|Any CPU.Build.0 = Release|Any CPU
		{A8CF7F8C-E801-4DE5-BBA5-97C94C895B01}.Debug|Any CPU.ActiveCfg = Debug|Any CPU
		{A8CF7F8C-E801-4DE5-BBA5-97C94C895B01}.Debug|Any CPU.Build.0 = Debug|Any CPU
		{A8CF7F8C-E801-4DE5-BBA5-97C94C895B01}.Release|Any CPU.ActiveCfg = Release|Any CPU
		{A8CF7F8C-E801-4DE5-BBA5-97C94C895B01}.Release|Any CPU.Build.0 = Release|Any CPU
		{427653C9-7443-4733-8A4A-DE90279FC115}.Debug|Any CPU.ActiveCfg = Debug|Any CPU
		{427653C9-7443-4733-8A4A-DE90279FC115}.Debug|Any CPU.Build.0 = Debug|Any CPU
		{427653C9-7443-4733-8A4A-DE90279FC115}.Release|Any CPU.ActiveCfg = Release|Any CPU
		{427653C9-7443-4733-8A4A-DE90279FC115}.Release|Any CPU.Build.0 = Release|Any CPU
		{1A0600D5-42FB-4364-8E34-3DC960C5BAB1}.Debug|Any CPU.ActiveCfg = Debug|Any CPU
		{1A0600D5-42FB-4364-8E34-3DC960C5BAB1}.Debug|Any CPU.Build.0 = Debug|Any CPU
		{1A0600D5-42FB-4364-8E34-3DC960C5BAB1}.Release|Any CPU.ActiveCfg = Release|Any CPU
		{1A0600D5-42FB-4364-8E34-3DC960C5BAB1}.Release|Any CPU.Build.0 = Release|Any CPU
		{9A38D0A1-BC71-4126-856D-5CBC85821EF2}.Debug|Any CPU.ActiveCfg = Debug|Any CPU
		{9A38D0A1-BC71-4126-856D-5CBC85821EF2}.Debug|Any CPU.Build.0 = Debug|Any CPU
		{9A38D0A1-BC71-4126-856D-5CBC85821EF2}.Release|Any CPU.ActiveCfg = Release|Any CPU
		{9A38D0A1-BC71-4126-856D-5CBC85821EF2}.Release|Any CPU.Build.0 = Release|Any CPU
		{A678DC70-E05E-4958-BFED-2D57994F5CCC}.Debug|Any CPU.ActiveCfg = Debug|Any CPU
		{A678DC70-E05E-4958-BFED-2D57994F5CCC}.Debug|Any CPU.Build.0 = Debug|Any CPU
		{A678DC70-E05E-4958-BFED-2D57994F5CCC}.Release|Any CPU.ActiveCfg = Release|Any CPU
		{A678DC70-E05E-4958-BFED-2D57994F5CCC}.Release|Any CPU.Build.0 = Release|Any CPU
		{67A2EB7E-1E61-434B-9681-CE1E34B0615D}.Debug|Any CPU.ActiveCfg = Debug|Any CPU
		{67A2EB7E-1E61-434B-9681-CE1E34B0615D}.Debug|Any CPU.Build.0 = Debug|Any CPU
		{67A2EB7E-1E61-434B-9681-CE1E34B0615D}.Release|Any CPU.ActiveCfg = Release|Any CPU
		{67A2EB7E-1E61-434B-9681-CE1E34B0615D}.Release|Any CPU.Build.0 = Release|Any CPU
		{B0D02C40-B07F-4D6D-A232-745D31512C8D}.Debug|Any CPU.ActiveCfg = Debug|Any CPU
		{B0D02C40-B07F-4D6D-A232-745D31512C8D}.Debug|Any CPU.Build.0 = Debug|Any CPU
		{B0D02C40-B07F-4D6D-A232-745D31512C8D}.Release|Any CPU.ActiveCfg = Release|Any CPU
		{B0D02C40-B07F-4D6D-A232-745D31512C8D}.Release|Any CPU.Build.0 = Release|Any CPU
		{67012145-F754-40DD-9E29-B4654E8AC7E0}.Debug|Any CPU.ActiveCfg = Debug|Any CPU
		{67012145-F754-40DD-9E29-B4654E8AC7E0}.Debug|Any CPU.Build.0 = Debug|Any CPU
		{67012145-F754-40DD-9E29-B4654E8AC7E0}.Release|Any CPU.ActiveCfg = Release|Any CPU
		{67012145-F754-40DD-9E29-B4654E8AC7E0}.Release|Any CPU.Build.0 = Release|Any CPU
		{EBF95B7D-5E3D-4DF6-A1A2-879EC4EE049F}.Debug|Any CPU.ActiveCfg = Debug|Any CPU
		{EBF95B7D-5E3D-4DF6-A1A2-879EC4EE049F}.Debug|Any CPU.Build.0 = Debug|Any CPU
		{EBF95B7D-5E3D-4DF6-A1A2-879EC4EE049F}.Release|Any CPU.ActiveCfg = Release|Any CPU
		{EBF95B7D-5E3D-4DF6-A1A2-879EC4EE049F}.Release|Any CPU.Build.0 = Release|Any CPU
		{18BF8BD9-F4FC-4E95-977B-CB6638724D70}.Debug|Any CPU.ActiveCfg = Debug|Any CPU
		{18BF8BD9-F4FC-4E95-977B-CB6638724D70}.Debug|Any CPU.Build.0 = Debug|Any CPU
		{18BF8BD9-F4FC-4E95-977B-CB6638724D70}.Release|Any CPU.ActiveCfg = Release|Any CPU
		{18BF8BD9-F4FC-4E95-977B-CB6638724D70}.Release|Any CPU.Build.0 = Release|Any CPU
		{F9FB4715-F30A-40F5-9CD1-0C57236B1B16}.Debug|Any CPU.ActiveCfg = Debug|Any CPU
		{F9FB4715-F30A-40F5-9CD1-0C57236B1B16}.Debug|Any CPU.Build.0 = Debug|Any CPU
		{F9FB4715-F30A-40F5-9CD1-0C57236B1B16}.Release|Any CPU.ActiveCfg = Release|Any CPU
		{F9FB4715-F30A-40F5-9CD1-0C57236B1B16}.Release|Any CPU.Build.0 = Release|Any CPU
		{4DEAE1A4-D1E2-4DC6-8AD5-973E3561FA47}.Debug|Any CPU.ActiveCfg = Debug|Any CPU
		{4DEAE1A4-D1E2-4DC6-8AD5-973E3561FA47}.Debug|Any CPU.Build.0 = Debug|Any CPU
		{4DEAE1A4-D1E2-4DC6-8AD5-973E3561FA47}.Release|Any CPU.ActiveCfg = Release|Any CPU
		{4DEAE1A4-D1E2-4DC6-8AD5-973E3561FA47}.Release|Any CPU.Build.0 = Release|Any CPU
		{21123433-C6E6-46D9-B0E8-FB832FEF432E}.Debug|Any CPU.ActiveCfg = Debug|Any CPU
		{21123433-C6E6-46D9-B0E8-FB832FEF432E}.Debug|Any CPU.Build.0 = Debug|Any CPU
		{21123433-C6E6-46D9-B0E8-FB832FEF432E}.Release|Any CPU.ActiveCfg = Release|Any CPU
		{21123433-C6E6-46D9-B0E8-FB832FEF432E}.Release|Any CPU.Build.0 = Release|Any CPU
		{56249027-A1BB-4F52-98B2-617ED9358B63}.Debug|Any CPU.ActiveCfg = Debug|Any CPU
		{56249027-A1BB-4F52-98B2-617ED9358B63}.Debug|Any CPU.Build.0 = Debug|Any CPU
		{56249027-A1BB-4F52-98B2-617ED9358B63}.Release|Any CPU.ActiveCfg = Release|Any CPU
		{56249027-A1BB-4F52-98B2-617ED9358B63}.Release|Any CPU.Build.0 = Release|Any CPU
		{941EC514-2695-4970-9DAF-5AF9B49B3CF6}.Debug|Any CPU.ActiveCfg = Debug|Any CPU
		{941EC514-2695-4970-9DAF-5AF9B49B3CF6}.Debug|Any CPU.Build.0 = Debug|Any CPU
		{941EC514-2695-4970-9DAF-5AF9B49B3CF6}.Release|Any CPU.ActiveCfg = Release|Any CPU
		{941EC514-2695-4970-9DAF-5AF9B49B3CF6}.Release|Any CPU.Build.0 = Release|Any CPU
	EndGlobalSection
	GlobalSection(SolutionProperties) = preSolution
		HideSolutionNode = FALSE
	EndGlobalSection
	GlobalSection(NestedProjects) = preSolution
		{AB9C5DE9-DBE2-4E78-BFE3-BD41F8B20E1F} = {D26F6115-40A9-4D18-8430-835375D254A2}
		{07CB6A19-D160-406A-AA86-F829A906540C} = {D4E2248F-4354-4D43-85FC-A68067DE2E90}
		{1232B382-CC71-47B8-91C2-146482AD75A8} = {7FF567BA-8585-48CD-9734-44BEBE32E990}
		{2B377A2A-3647-40E9-9A41-9B2E02F9B55F} = {7FF567BA-8585-48CD-9734-44BEBE32E990}
		{E0FE276B-908E-4D88-84F9-44BFF8C34534} = {2B377A2A-3647-40E9-9A41-9B2E02F9B55F}
		{B51E4CE7-3D5F-4B9D-9B7E-97A7004099D5} = {7FF567BA-8585-48CD-9734-44BEBE32E990}
		{27EB2D36-99B7-4D30-BB94-7CAD5CE63413} = {2B377A2A-3647-40E9-9A41-9B2E02F9B55F}
		{DA8C1940-D841-4335-B210-5099DF1BAAFF} = {BBAA1B70-03AC-4CF2-9BD5-298391E07282}
		{290BC18A-A88A-42B2-8AF2-723107DF2270} = {E8FF08AC-BB9F-43C5-B4A4-943F7029C976}
		{256B7A71-CF26-4713-922A-7CF206F2C1D9} = {E8FF08AC-BB9F-43C5-B4A4-943F7029C976}
		{6EA6EA14-F447-48B0-8B84-DB0396E75B09} = {E8FF08AC-BB9F-43C5-B4A4-943F7029C976}
		{B24E5E48-4416-482F-8577-7643DD25528B} = {E8FF08AC-BB9F-43C5-B4A4-943F7029C976}
		{A8CF7F8C-E801-4DE5-BBA5-97C94C895B01} = {E8FF08AC-BB9F-43C5-B4A4-943F7029C976}
		{427653C9-7443-4733-8A4A-DE90279FC115} = {922FDD85-865F-4967-976C-60C4C628B0BA}
		{1A0600D5-42FB-4364-8E34-3DC960C5BAB1} = {922FDD85-865F-4967-976C-60C4C628B0BA}
		{9A38D0A1-BC71-4126-856D-5CBC85821EF2} = {922FDD85-865F-4967-976C-60C4C628B0BA}
		{A678DC70-E05E-4958-BFED-2D57994F5CCC} = {922FDD85-865F-4967-976C-60C4C628B0BA}
		{67A2EB7E-1E61-434B-9681-CE1E34B0615D} = {6278770F-B0CC-43B4-8C96-28202B990500}
		{B0D02C40-B07F-4D6D-A232-745D31512C8D} = {6278770F-B0CC-43B4-8C96-28202B990500}
		{67012145-F754-40DD-9E29-B4654E8AC7E0} = {6278770F-B0CC-43B4-8C96-28202B990500}
		{9549CC33-710F-4BA5-B70A-94FC8AA72144} = {6278770F-B0CC-43B4-8C96-28202B990500}
		{EBF95B7D-5E3D-4DF6-A1A2-879EC4EE049F} = {9549CC33-710F-4BA5-B70A-94FC8AA72144}
		{E4E533D1-7F8E-4FAC-B04F-33CA8908A0E5} = {6278770F-B0CC-43B4-8C96-28202B990500}
		{981E081F-F939-4F79-9FF6-7DBF7D845395} = {30745F97-EDBE-4245-8543-BC83633B2CCF}
		{18BF8BD9-F4FC-4E95-977B-CB6638724D70} = {981E081F-F939-4F79-9FF6-7DBF7D845395}
		{F9FB4715-F30A-40F5-9CD1-0C57236B1B16} = {981E081F-F939-4F79-9FF6-7DBF7D845395}
		{4DEAE1A4-D1E2-4DC6-8AD5-973E3561FA47} = {981E081F-F939-4F79-9FF6-7DBF7D845395}
		{21123433-C6E6-46D9-B0E8-FB832FEF432E} = {981E081F-F939-4F79-9FF6-7DBF7D845395}
		{56249027-A1BB-4F52-98B2-617ED9358B63} = {981E081F-F939-4F79-9FF6-7DBF7D845395}
		{941EC514-2695-4970-9DAF-5AF9B49B3CF6} = {981E081F-F939-4F79-9FF6-7DBF7D845395}
	EndGlobalSection
	GlobalSection(ExtensibilityGlobals) = postSolution
		SolutionGuid = {71828884-FF23-4B8E-A6B5-818365DE282A}
	EndGlobalSection
EndGlobal
