
Microsoft Visual Studio Solution File, Format Version 12.00
# Visual Studio Version 16
VisualStudioVersion = 16.0.29020.237
MinimumVisualStudioVersion = 10.0.40219.1
Project("{9A19103F-16F7-4668-BE54-9A1E7A4F7556}") = "Collections", "Collections\Collections.csproj", "{026115DB-B6EB-4AA9-9B75-3EDB5F0DA60C}"
EndProject
Project("{FAE04EC0-301F-11D3-BF4B-00C04F79EFBC}") = "Nulls", "Nulls\Nulls.csproj", "{55FC0F35-C2E6-4516-BFC2-2FE6E72C76A7}"
EndProject
Global
	GlobalSection(SolutionConfigurationPlatforms) = preSolution
		Debug|Any CPU = Debug|Any CPU
		Release|Any CPU = Release|Any CPU
	EndGlobalSection
	GlobalSection(ProjectConfigurationPlatforms) = postSolution
		{026115DB-B6EB-4AA9-9B75-3EDB5F0DA60C}.Debug|Any CPU.ActiveCfg = Debug|Any CPU
		{026115DB-B6EB-4AA9-9B75-3EDB5F0DA60C}.Debug|Any CPU.Build.0 = Debug|Any CPU
		{026115DB-B6EB-4AA9-9B75-3EDB5F0DA60C}.Release|Any CPU.ActiveCfg = Release|Any CPU
		{026115DB-B6EB-4AA9-9B75-3EDB5F0DA60C}.Release|Any CPU.Build.0 = Release|Any CPU
		{55FC0F35-C2E6-4516-BFC2-2FE6E72C76A7}.Debug|Any CPU.ActiveCfg = Debug|Any CPU
		{55FC0F35-C2E6-4516-BFC2-2FE6E72C76A7}.Debug|Any CPU.Build.0 = Debug|Any CPU
		{55FC0F35-C2E6-4516-BFC2-2FE6E72C76A7}.Release|Any CPU.ActiveCfg = Release|Any CPU
		{55FC0F35-C2E6-4516-BFC2-2FE6E72C76A7}.Release|Any CPU.Build.0 = Release|Any CPU
	EndGlobalSection
	GlobalSection(SolutionProperties) = preSolution
		HideSolutionNode = FALSE
	EndGlobalSection
	GlobalSection(ExtensibilityGlobals) = postSolution
		SolutionGuid = {E9E18B7B-AF08-43D9-BCC3-6973C837633B}
	EndGlobalSection
EndGlobal
